
Microsoft Visual Studio Solution File, Format Version 12.00
# Visual Studio Version 17
VisualStudioVersion = 17.1.32421.90
MinimumVisualStudioVersion = 10.0.40219.1
Project("{FAE04EC0-301F-11D3-BF4B-00C04F79EFBC}") = "HistoricalRatesDal", "HistoricalRatesDal\HistoricalRatesDal.csproj", "{50390C37-F38E-4BC9-B572-E197491525EF}"
EndProject
Project("{FAE04EC0-301F-11D3-BF4B-00C04F79EFBC}") = "HistoricalRatesDalUnitTests", "HistoricalRatesDalUnitTests\HistoricalRatesDalUnitTests.csproj", "{B26F6AFF-E44B-4E80-B6FD-C579429130C5}"
EndProject
Global
	GlobalSection(SolutionConfigurationPlatforms) = preSolution
		Debug|Any CPU = Debug|Any CPU
		Release|Any CPU = Release|Any CPU
	EndGlobalSection
	GlobalSection(ProjectConfigurationPlatforms) = postSolution
		{50390C37-F38E-4BC9-B572-E197491525EF}.Debug|Any CPU.ActiveCfg = Debug|Any CPU
		{50390C37-F38E-4BC9-B572-E197491525EF}.Debug|Any CPU.Build.0 = Debug|Any CPU
		{50390C37-F38E-4BC9-B572-E197491525EF}.Release|Any CPU.ActiveCfg = Release|Any CPU
		{50390C37-F38E-4BC9-B572-E197491525EF}.Release|Any CPU.Build.0 = Release|Any CPU
		{B26F6AFF-E44B-4E80-B6FD-C579429130C5}.Debug|Any CPU.ActiveCfg = Debug|Any CPU
		{B26F6AFF-E44B-4E80-B6FD-C579429130C5}.Debug|Any CPU.Build.0 = Debug|Any CPU
		{B26F6AFF-E44B-4E80-B6FD-C579429130C5}.Release|Any CPU.ActiveCfg = Release|Any CPU
		{B26F6AFF-E44B-4E80-B6FD-C579429130C5}.Release|Any CPU.Build.0 = Release|Any CPU
	EndGlobalSection
	GlobalSection(SolutionProperties) = preSolution
		HideSolutionNode = FALSE
	EndGlobalSection
	GlobalSection(ExtensibilityGlobals) = postSolution
		SolutionGuid = {1D4C82A5-F25D-4A1B-BAC1-47D15E604FEE}
	EndGlobalSection
EndGlobal
